// !$*UTF8*$!
{
	archiveVersion = 1;
	classes = {
	};
	objectVersion = 46;
	objects = {

/* Begin PBXBuildFile section */
		220627871B64F4F100DC6DC7 /* LoginViewController.m in Sources */ = {isa = PBXBuildFile; fileRef = 220627861B64F4F100DC6DC7 /* LoginViewController.m */; };
		2206278A1B64F80000DC6DC7 /* TabBarViewController.m in Sources */ = {isa = PBXBuildFile; fileRef = 220627891B64F80000DC6DC7 /* TabBarViewController.m */; };
		2206278D1B64FD4D00DC6DC7 /* BookingPayerApptViewController.m in Sources */ = {isa = PBXBuildFile; fileRef = 2206278C1B64FD4D00DC6DC7 /* BookingPayerApptViewController.m */; };
		220627901B6502B000DC6DC7 /* AppointmentTableViewController.m in Sources */ = {isa = PBXBuildFile; fileRef = 2206278F1B6502B000DC6DC7 /* AppointmentTableViewController.m */; };
		220627931B65035100DC6DC7 /* AppointmentSlot.m in Sources */ = {isa = PBXBuildFile; fileRef = 220627921B65035100DC6DC7 /* AppointmentSlot.m */; };
		220627961B650A8E00DC6DC7 /* BookingConfirmationViewController.m in Sources */ = {isa = PBXBuildFile; fileRef = 220627951B650A8E00DC6DC7 /* BookingConfirmationViewController.m */; };
		220627991B65345100DC6DC7 /* UserNavigationController.m in Sources */ = {isa = PBXBuildFile; fileRef = 220627981B65345100DC6DC7 /* UserNavigationController.m */; };
		2206279F1B6534C600DC6DC7 /* ApptNavigationViewController.m in Sources */ = {isa = PBXBuildFile; fileRef = 2206279E1B6534C600DC6DC7 /* ApptNavigationViewController.m */; };
		220627A21B6534EB00DC6DC7 /* BookingsNavigationViewController.m in Sources */ = {isa = PBXBuildFile; fileRef = 220627A11B6534EB00DC6DC7 /* BookingsNavigationViewController.m */; };
		220627A51B65350700DC6DC7 /* SettingsNavigationViewController.m in Sources */ = {isa = PBXBuildFile; fileRef = 220627A41B65350700DC6DC7 /* SettingsNavigationViewController.m */; };
		220627AD1B654A2900DC6DC7 /* ApiPatient.m in Sources */ = {isa = PBXBuildFile; fileRef = 220627AC1B654A2900DC6DC7 /* ApiPatient.m */; };
		226195361B6401E0002E03E3 /* main.m in Sources */ = {isa = PBXBuildFile; fileRef = 226195351B6401E0002E03E3 /* main.m */; };
		226195391B6401E0002E03E3 /* AppDelegate.m in Sources */ = {isa = PBXBuildFile; fileRef = 226195381B6401E0002E03E3 /* AppDelegate.m */; };
		2261953F1B6401E0002E03E3 /* Main.storyboard in Resources */ = {isa = PBXBuildFile; fileRef = 2261953D1B6401E0002E03E3 /* Main.storyboard */; };
		226195411B6401E0002E03E3 /* Images.xcassets in Resources */ = {isa = PBXBuildFile; fileRef = 226195401B6401E0002E03E3 /* Images.xcassets */; };
		226195441B6401E0002E03E3 /* LaunchScreen.xib in Resources */ = {isa = PBXBuildFile; fileRef = 226195421B6401E0002E03E3 /* LaunchScreen.xib */; };
		226195501B6401E0002E03E3 /* DocOnDemandTests.m in Sources */ = {isa = PBXBuildFile; fileRef = 2261954F1B6401E0002E03E3 /* DocOnDemandTests.m */; };
		2261955B1B641B4E002E03E3 /* AthenaAPI.m in Sources */ = {isa = PBXBuildFile; fileRef = 2261955A1B641B4E002E03E3 /* AthenaAPI.m */; };
		2261955E1B641CA5002E03E3 /* AppointmentsTableViewController.m in Sources */ = {isa = PBXBuildFile; fileRef = 2261955D1B641CA5002E03E3 /* AppointmentsTableViewController.m */; };
		226195611B6422AB002E03E3 /* ApiAppointment.m in Sources */ = {isa = PBXBuildFile; fileRef = 226195601B6422AB002E03E3 /* ApiAppointment.m */; };
		226195651B6432B5002E03E3 /* LabelTextEntryTableViewCell.m in Sources */ = {isa = PBXBuildFile; fileRef = 226195631B6432B5002E03E3 /* LabelTextEntryTableViewCell.m */; };
		226195661B6432B5002E03E3 /* LabelTextEntryTableViewCell.xib in Resources */ = {isa = PBXBuildFile; fileRef = 226195641B6432B5002E03E3 /* LabelTextEntryTableViewCell.xib */; };
		226195691B6432CE002E03E3 /* UserTableViewController.m in Sources */ = {isa = PBXBuildFile; fileRef = 226195681B6432CE002E03E3 /* UserTableViewController.m */; };
/* End PBXBuildFile section */

/* Begin PBXContainerItemProxy section */
		2261954A1B6401E0002E03E3 /* PBXContainerItemProxy */ = {
			isa = PBXContainerItemProxy;
			containerPortal = 226195281B6401E0002E03E3 /* Project object */;
			proxyType = 1;
			remoteGlobalIDString = 2261952F1B6401E0002E03E3;
			remoteInfo = DocOnDemand;
		};
/* End PBXContainerItemProxy section */

/* Begin PBXFileReference section */
		220627851B64F4F100DC6DC7 /* LoginViewController.h */ = {isa = PBXFileReference; fileEncoding = 4; lastKnownFileType = sourcecode.c.h; path = LoginViewController.h; sourceTree = "<group>"; };
		220627861B64F4F100DC6DC7 /* LoginViewController.m */ = {isa = PBXFileReference; fileEncoding = 4; lastKnownFileType = sourcecode.c.objc; path = LoginViewController.m; sourceTree = "<group>"; };
		220627881B64F80000DC6DC7 /* TabBarViewController.h */ = {isa = PBXFileReference; fileEncoding = 4; lastKnownFileType = sourcecode.c.h; path = TabBarViewController.h; sourceTree = "<group>"; };
		220627891B64F80000DC6DC7 /* TabBarViewController.m */ = {isa = PBXFileReference; fileEncoding = 4; lastKnownFileType = sourcecode.c.objc; path = TabBarViewController.m; sourceTree = "<group>"; };
		2206278B1B64FD4D00DC6DC7 /* BookingPayerApptViewController.h */ = {isa = PBXFileReference; fileEncoding = 4; lastKnownFileType = sourcecode.c.h; path = BookingPayerApptViewController.h; sourceTree = "<group>"; };
		2206278C1B64FD4D00DC6DC7 /* BookingPayerApptViewController.m */ = {isa = PBXFileReference; fileEncoding = 4; lastKnownFileType = sourcecode.c.objc; path = BookingPayerApptViewController.m; sourceTree = "<group>"; };
		2206278E1B6502B000DC6DC7 /* AppointmentTableViewController.h */ = {isa = PBXFileReference; fileEncoding = 4; lastKnownFileType = sourcecode.c.h; path = AppointmentTableViewController.h; sourceTree = "<group>"; };
		2206278F1B6502B000DC6DC7 /* AppointmentTableViewController.m */ = {isa = PBXFileReference; fileEncoding = 4; lastKnownFileType = sourcecode.c.objc; path = AppointmentTableViewController.m; sourceTree = "<group>"; };
		220627911B65035100DC6DC7 /* AppointmentSlot.h */ = {isa = PBXFileReference; fileEncoding = 4; lastKnownFileType = sourcecode.c.h; path = AppointmentSlot.h; sourceTree = "<group>"; };
		220627921B65035100DC6DC7 /* AppointmentSlot.m */ = {isa = PBXFileReference; fileEncoding = 4; lastKnownFileType = sourcecode.c.objc; path = AppointmentSlot.m; sourceTree = "<group>"; };
		220627941B650A8E00DC6DC7 /* BookingConfirmationViewController.h */ = {isa = PBXFileReference; fileEncoding = 4; lastKnownFileType = sourcecode.c.h; path = BookingConfirmationViewController.h; sourceTree = "<group>"; };
		220627951B650A8E00DC6DC7 /* BookingConfirmationViewController.m */ = {isa = PBXFileReference; fileEncoding = 4; lastKnownFileType = sourcecode.c.objc; path = BookingConfirmationViewController.m; sourceTree = "<group>"; };
		220627971B65345100DC6DC7 /* UserNavigationController.h */ = {isa = PBXFileReference; fileEncoding = 4; lastKnownFileType = sourcecode.c.h; path = UserNavigationController.h; sourceTree = "<group>"; };
		220627981B65345100DC6DC7 /* UserNavigationController.m */ = {isa = PBXFileReference; fileEncoding = 4; lastKnownFileType = sourcecode.c.objc; path = UserNavigationController.m; sourceTree = "<group>"; };
		2206279D1B6534C600DC6DC7 /* ApptNavigationViewController.h */ = {isa = PBXFileReference; fileEncoding = 4; lastKnownFileType = sourcecode.c.h; path = ApptNavigationViewController.h; sourceTree = "<group>"; };
		2206279E1B6534C600DC6DC7 /* ApptNavigationViewController.m */ = {isa = PBXFileReference; fileEncoding = 4; lastKnownFileType = sourcecode.c.objc; path = ApptNavigationViewController.m; sourceTree = "<group>"; };
		220627A01B6534EB00DC6DC7 /* BookingsNavigationViewController.h */ = {isa = PBXFileReference; fileEncoding = 4; lastKnownFileType = sourcecode.c.h; path = BookingsNavigationViewController.h; sourceTree = "<group>"; };
		220627A11B6534EB00DC6DC7 /* BookingsNavigationViewController.m */ = {isa = PBXFileReference; fileEncoding = 4; lastKnownFileType = sourcecode.c.objc; path = BookingsNavigationViewController.m; sourceTree = "<group>"; };
		220627A31B65350700DC6DC7 /* SettingsNavigationViewController.h */ = {isa = PBXFileReference; fileEncoding = 4; lastKnownFileType = sourcecode.c.h; path = SettingsNavigationViewController.h; sourceTree = "<group>"; };
		220627A41B65350700DC6DC7 /* SettingsNavigationViewController.m */ = {isa = PBXFileReference; fileEncoding = 4; lastKnownFileType = sourcecode.c.objc; path = SettingsNavigationViewController.m; sourceTree = "<group>"; };
		220627AB1B654A2900DC6DC7 /* ApiPatient.h */ = {isa = PBXFileReference; fileEncoding = 4; lastKnownFileType = sourcecode.c.h; path = ApiPatient.h; sourceTree = "<group>"; };
		220627AC1B654A2900DC6DC7 /* ApiPatient.m */ = {isa = PBXFileReference; fileEncoding = 4; lastKnownFileType = sourcecode.c.objc; path = ApiPatient.m; sourceTree = "<group>"; };
		226195301B6401E0002E03E3 /* DocOnDemand.app */ = {isa = PBXFileReference; explicitFileType = wrapper.application; includeInIndex = 0; path = DocOnDemand.app; sourceTree = BUILT_PRODUCTS_DIR; };
		226195341B6401E0002E03E3 /* Info.plist */ = {isa = PBXFileReference; lastKnownFileType = text.plist.xml; path = Info.plist; sourceTree = "<group>"; };
		226195351B6401E0002E03E3 /* main.m */ = {isa = PBXFileReference; lastKnownFileType = sourcecode.c.objc; path = main.m; sourceTree = "<group>"; };
		226195371B6401E0002E03E3 /* AppDelegate.h */ = {isa = PBXFileReference; lastKnownFileType = sourcecode.c.h; path = AppDelegate.h; sourceTree = "<group>"; };
		226195381B6401E0002E03E3 /* AppDelegate.m */ = {isa = PBXFileReference; lastKnownFileType = sourcecode.c.objc; path = AppDelegate.m; sourceTree = "<group>"; };
		2261953E1B6401E0002E03E3 /* Base */ = {isa = PBXFileReference; lastKnownFileType = file.storyboard; name = Base; path = Base.lproj/Main.storyboard; sourceTree = "<group>"; };
		226195401B6401E0002E03E3 /* Images.xcassets */ = {isa = PBXFileReference; lastKnownFileType = folder.assetcatalog; path = Images.xcassets; sourceTree = "<group>"; };
		226195431B6401E0002E03E3 /* Base */ = {isa = PBXFileReference; lastKnownFileType = file.xib; name = Base; path = Base.lproj/LaunchScreen.xib; sourceTree = "<group>"; };
		226195491B6401E0002E03E3 /* DocOnDemandTests.xctest */ = {isa = PBXFileReference; explicitFileType = wrapper.cfbundle; includeInIndex = 0; path = DocOnDemandTests.xctest; sourceTree = BUILT_PRODUCTS_DIR; };
		2261954E1B6401E0002E03E3 /* Info.plist */ = {isa = PBXFileReference; lastKnownFileType = text.plist.xml; path = Info.plist; sourceTree = "<group>"; };
		2261954F1B6401E0002E03E3 /* DocOnDemandTests.m */ = {isa = PBXFileReference; lastKnownFileType = sourcecode.c.objc; path = DocOnDemandTests.m; sourceTree = "<group>"; };
		226195591B641B4E002E03E3 /* AthenaAPI.h */ = {isa = PBXFileReference; fileEncoding = 4; lastKnownFileType = sourcecode.c.h; name = AthenaAPI.h; path = ../AthenaAPI.h; sourceTree = "<group>"; };
		2261955A1B641B4E002E03E3 /* AthenaAPI.m */ = {isa = PBXFileReference; fileEncoding = 4; lastKnownFileType = sourcecode.c.objc; name = AthenaAPI.m; path = ../AthenaAPI.m; sourceTree = "<group>"; };
		2261955C1B641CA5002E03E3 /* AppointmentsTableViewController.h */ = {isa = PBXFileReference; fileEncoding = 4; lastKnownFileType = sourcecode.c.h; path = AppointmentsTableViewController.h; sourceTree = "<group>"; };
		2261955D1B641CA5002E03E3 /* AppointmentsTableViewController.m */ = {isa = PBXFileReference; fileEncoding = 4; lastKnownFileType = sourcecode.c.objc; path = AppointmentsTableViewController.m; sourceTree = "<group>"; };
		2261955F1B6422AB002E03E3 /* ApiAppointment.h */ = {isa = PBXFileReference; fileEncoding = 4; lastKnownFileType = sourcecode.c.h; path = ApiAppointment.h; sourceTree = "<group>"; };
		226195601B6422AB002E03E3 /* ApiAppointment.m */ = {isa = PBXFileReference; fileEncoding = 4; lastKnownFileType = sourcecode.c.objc; path = ApiAppointment.m; sourceTree = "<group>"; };
		226195621B6432B5002E03E3 /* LabelTextEntryTableViewCell.h */ = {isa = PBXFileReference; fileEncoding = 4; lastKnownFileType = sourcecode.c.h; path = LabelTextEntryTableViewCell.h; sourceTree = "<group>"; };
		226195631B6432B5002E03E3 /* LabelTextEntryTableViewCell.m */ = {isa = PBXFileReference; fileEncoding = 4; lastKnownFileType = sourcecode.c.objc; path = LabelTextEntryTableViewCell.m; sourceTree = "<group>"; };
		226195641B6432B5002E03E3 /* LabelTextEntryTableViewCell.xib */ = {isa = PBXFileReference; fileEncoding = 4; lastKnownFileType = file.xib; path = LabelTextEntryTableViewCell.xib; sourceTree = "<group>"; };
		226195671B6432CE002E03E3 /* UserTableViewController.h */ = {isa = PBXFileReference; fileEncoding = 4; lastKnownFileType = sourcecode.c.h; path = UserTableViewController.h; sourceTree = "<group>"; };
		226195681B6432CE002E03E3 /* UserTableViewController.m */ = {isa = PBXFileReference; fileEncoding = 4; lastKnownFileType = sourcecode.c.objc; path = UserTableViewController.m; sourceTree = "<group>"; };
/* End PBXFileReference section */

/* Begin PBXFrameworksBuildPhase section */
		2261952D1B6401E0002E03E3 /* Frameworks */ = {
			isa = PBXFrameworksBuildPhase;
			buildActionMask = 2147483647;
			files = (
			);
			runOnlyForDeploymentPostprocessing = 0;
		};
		226195461B6401E0002E03E3 /* Frameworks */ = {
			isa = PBXFrameworksBuildPhase;
			buildActionMask = 2147483647;
			files = (
			);
			runOnlyForDeploymentPostprocessing = 0;
		};
/* End PBXFrameworksBuildPhase section */

/* Begin PBXGroup section */
		2206279A1B65348A00DC6DC7 /* Model */ = {
			isa = PBXGroup;
			children = (
				220627AB1B654A2900DC6DC7 /* ApiPatient.h */,
				220627AC1B654A2900DC6DC7 /* ApiPatient.m */,
				226195591B641B4E002E03E3 /* AthenaAPI.h */,
				2261955A1B641B4E002E03E3 /* AthenaAPI.m */,
				2261955F1B6422AB002E03E3 /* ApiAppointment.h */,
				226195601B6422AB002E03E3 /* ApiAppointment.m */,
				220627911B65035100DC6DC7 /* AppointmentSlot.h */,
				220627921B65035100DC6DC7 /* AppointmentSlot.m */,
			);
			name = Model;
			sourceTree = "<group>";
		};
		2206279B1B65349500DC6DC7 /* Base */ = {
			isa = PBXGroup;
			children = (
				226195371B6401E0002E03E3 /* AppDelegate.h */,
				226195381B6401E0002E03E3 /* AppDelegate.m */,
				2261953D1B6401E0002E03E3 /* Main.storyboard */,
				226195401B6401E0002E03E3 /* Images.xcassets */,
				226195421B6401E0002E03E3 /* LaunchScreen.xib */,
			);
			name = Base;
			sourceTree = "<group>";
		};
		2206279C1B6534A100DC6DC7 /* Navigation Controllers */ = {
			isa = PBXGroup;
			children = (
				220627A31B65350700DC6DC7 /* SettingsNavigationViewController.h */,
				220627A41B65350700DC6DC7 /* SettingsNavigationViewController.m */,
				220627A01B6534EB00DC6DC7 /* BookingsNavigationViewController.h */,
				220627A11B6534EB00DC6DC7 /* BookingsNavigationViewController.m */,
				2206279D1B6534C600DC6DC7 /* ApptNavigationViewController.h */,
				2206279E1B6534C600DC6DC7 /* ApptNavigationViewController.m */,
				220627971B65345100DC6DC7 /* UserNavigationController.h */,
				220627981B65345100DC6DC7 /* UserNavigationController.m */,
			);
			name = "Navigation Controllers";
			sourceTree = "<group>";
		};
		220627A61B6536A900DC6DC7 /* Bookings */ = {
			isa = PBXGroup;
			children = (
				220627941B650A8E00DC6DC7 /* BookingConfirmationViewController.h */,
				220627951B650A8E00DC6DC7 /* BookingConfirmationViewController.m */,
				2206278B1B64FD4D00DC6DC7 /* BookingPayerApptViewController.h */,
				2206278C1B64FD4D00DC6DC7 /* BookingPayerApptViewController.m */,
				2261955C1B641CA5002E03E3 /* AppointmentsTableViewController.h */,
				2261955D1B641CA5002E03E3 /* AppointmentsTableViewController.m */,
			);
			name = Bookings;
			sourceTree = "<group>";
		};
		220627A71B6536B300DC6DC7 /* Appointments */ = {
			isa = PBXGroup;
			children = (
				2206278E1B6502B000DC6DC7 /* AppointmentTableViewController.h */,
				2206278F1B6502B000DC6DC7 /* AppointmentTableViewController.m */,
			);
			name = Appointments;
			sourceTree = "<group>";
		};
		220627A81B6536BC00DC6DC7 /* Tab bars */ = {
			isa = PBXGroup;
			children = (
				220627851B64F4F100DC6DC7 /* LoginViewController.h */,
				220627861B64F4F100DC6DC7 /* LoginViewController.m */,
				220627881B64F80000DC6DC7 /* TabBarViewController.h */,
				220627891B64F80000DC6DC7 /* TabBarViewController.m */,
			);
			name = "Tab bars";
			sourceTree = "<group>";
		};
		220627A91B6536D300DC6DC7 /* Custom Tableview cells */ = {
			isa = PBXGroup;
			children = (
				226195621B6432B5002E03E3 /* LabelTextEntryTableViewCell.h */,
				226195631B6432B5002E03E3 /* LabelTextEntryTableViewCell.m */,
				226195641B6432B5002E03E3 /* LabelTextEntryTableViewCell.xib */,
			);
			name = "Custom Tableview cells";
			sourceTree = "<group>";
		};
		220627AA1B65385A00DC6DC7 /* User  */ = {
			isa = PBXGroup;
			children = (
				226195671B6432CE002E03E3 /* UserTableViewController.h */,
				226195681B6432CE002E03E3 /* UserTableViewController.m */,
			);
			name = "User ";
			sourceTree = "<group>";
		};
		226195271B6401E0002E03E3 = {
			isa = PBXGroup;
			children = (
				226195321B6401E0002E03E3 /* DocOnDemand */,
				2261954C1B6401E0002E03E3 /* DocOnDemandTests */,
				226195311B6401E0002E03E3 /* Products */,
			);
			sourceTree = "<group>";
		};
		226195311B6401E0002E03E3 /* Products */ = {
			isa = PBXGroup;
			children = (
				226195301B6401E0002E03E3 /* DocOnDemand.app */,
				226195491B6401E0002E03E3 /* DocOnDemandTests.xctest */,
			);
			name = Products;
			sourceTree = "<group>";
		};
		226195321B6401E0002E03E3 /* DocOnDemand */ = {
			isa = PBXGroup;
			children = (
				2206279A1B65348A00DC6DC7 /* Model */,
				2206279B1B65349500DC6DC7 /* Base */,
				220627AA1B65385A00DC6DC7 /* User  */,
				2206279C1B6534A100DC6DC7 /* Navigation Controllers */,
				220627A61B6536A900DC6DC7 /* Bookings */,
				220627A71B6536B300DC6DC7 /* Appointments */,
				220627A81B6536BC00DC6DC7 /* Tab bars */,
				220627A91B6536D300DC6DC7 /* Custom Tableview cells */,
				226195331B6401E0002E03E3 /* Supporting Files */,
			);
			path = DocOnDemand;
			sourceTree = "<group>";
		};
		226195331B6401E0002E03E3 /* Supporting Files */ = {
			isa = PBXGroup;
			children = (
				226195341B6401E0002E03E3 /* Info.plist */,
				226195351B6401E0002E03E3 /* main.m */,
			);
			name = "Supporting Files";
			sourceTree = "<group>";
		};
		2261954C1B6401E0002E03E3 /* DocOnDemandTests */ = {
			isa = PBXGroup;
			children = (
				2261954F1B6401E0002E03E3 /* DocOnDemandTests.m */,
				2261954D1B6401E0002E03E3 /* Supporting Files */,
			);
			path = DocOnDemandTests;
			sourceTree = "<group>";
		};
		2261954D1B6401E0002E03E3 /* Supporting Files */ = {
			isa = PBXGroup;
			children = (
				2261954E1B6401E0002E03E3 /* Info.plist */,
			);
			name = "Supporting Files";
			sourceTree = "<group>";
		};
/* End PBXGroup section */

/* Begin PBXNativeTarget section */
		2261952F1B6401E0002E03E3 /* DocOnDemand */ = {
			isa = PBXNativeTarget;
			buildConfigurationList = 226195531B6401E0002E03E3 /* Build configuration list for PBXNativeTarget "DocOnDemand" */;
			buildPhases = (
				2261952C1B6401E0002E03E3 /* Sources */,
				2261952D1B6401E0002E03E3 /* Frameworks */,
				2261952E1B6401E0002E03E3 /* Resources */,
			);
			buildRules = (
			);
			dependencies = (
			);
			name = DocOnDemand;
			productName = DocOnDemand;
			productReference = 226195301B6401E0002E03E3 /* DocOnDemand.app */;
			productType = "com.apple.product-type.application";
		};
		226195481B6401E0002E03E3 /* DocOnDemandTests */ = {
			isa = PBXNativeTarget;
			buildConfigurationList = 226195561B6401E0002E03E3 /* Build configuration list for PBXNativeTarget "DocOnDemandTests" */;
			buildPhases = (
				226195451B6401E0002E03E3 /* Sources */,
				226195461B6401E0002E03E3 /* Frameworks */,
				226195471B6401E0002E03E3 /* Resources */,
			);
			buildRules = (
			);
			dependencies = (
				2261954B1B6401E0002E03E3 /* PBXTargetDependency */,
			);
			name = DocOnDemandTests;
			productName = DocOnDemandTests;
			productReference = 226195491B6401E0002E03E3 /* DocOnDemandTests.xctest */;
			productType = "com.apple.product-type.bundle.unit-test";
		};
/* End PBXNativeTarget section */

/* Begin PBXProject section */
		226195281B6401E0002E03E3 /* Project object */ = {
			isa = PBXProject;
			attributes = {
				LastUpgradeCheck = 0640;
				ORGANIZATIONNAME = timgsr;
				TargetAttributes = {
					2261952F1B6401E0002E03E3 = {
						CreatedOnToolsVersion = 6.4;
					};
					226195481B6401E0002E03E3 = {
						CreatedOnToolsVersion = 6.4;
						TestTargetID = 2261952F1B6401E0002E03E3;
					};
				};
			};
			buildConfigurationList = 2261952B1B6401E0002E03E3 /* Build configuration list for PBXProject "DocOnDemand" */;
			compatibilityVersion = "Xcode 3.2";
			developmentRegion = English;
			hasScannedForEncodings = 0;
			knownRegions = (
				en,
				Base,
			);
			mainGroup = 226195271B6401E0002E03E3;
			productRefGroup = 226195311B6401E0002E03E3 /* Products */;
			projectDirPath = "";
			projectRoot = "";
			targets = (
				2261952F1B6401E0002E03E3 /* DocOnDemand */,
				226195481B6401E0002E03E3 /* DocOnDemandTests */,
			);
		};
/* End PBXProject section */

/* Begin PBXResourcesBuildPhase section */
		2261952E1B6401E0002E03E3 /* Resources */ = {
			isa = PBXResourcesBuildPhase;
			buildActionMask = 2147483647;
			files = (
				2261953F1B6401E0002E03E3 /* Main.storyboard in Resources */,
				226195441B6401E0002E03E3 /* LaunchScreen.xib in Resources */,
				226195661B6432B5002E03E3 /* LabelTextEntryTableViewCell.xib in Resources */,
				226195411B6401E0002E03E3 /* Images.xcassets in Resources */,
			);
			runOnlyForDeploymentPostprocessing = 0;
		};
		226195471B6401E0002E03E3 /* Resources */ = {
			isa = PBXResourcesBuildPhase;
			buildActionMask = 2147483647;
			files = (
			);
			runOnlyForDeploymentPostprocessing = 0;
		};
/* End PBXResourcesBuildPhase section */

/* Begin PBXSourcesBuildPhase section */
		2261952C1B6401E0002E03E3 /* Sources */ = {
			isa = PBXSourcesBuildPhase;
			buildActionMask = 2147483647;
			files = (
				226195611B6422AB002E03E3 /* ApiAppointment.m in Sources */,
				220627AD1B654A2900DC6DC7 /* ApiPatient.m in Sources */,
				220627961B650A8E00DC6DC7 /* BookingConfirmationViewController.m in Sources */,
				2206279F1B6534C600DC6DC7 /* ApptNavigationViewController.m in Sources */,
				220627901B6502B000DC6DC7 /* AppointmentTableViewController.m in Sources */,
				226195691B6432CE002E03E3 /* UserTableViewController.m in Sources */,
				220627871B64F4F100DC6DC7 /* LoginViewController.m in Sources */,
				220627A21B6534EB00DC6DC7 /* BookingsNavigationViewController.m in Sources */,
				2261955B1B641B4E002E03E3 /* AthenaAPI.m in Sources */,
				220627991B65345100DC6DC7 /* UserNavigationController.m in Sources */,
				226195391B6401E0002E03E3 /* AppDelegate.m in Sources */,
				2206278A1B64F80000DC6DC7 /* TabBarViewController.m in Sources */,
				226195651B6432B5002E03E3 /* LabelTextEntryTableViewCell.m in Sources */,
				220627A51B65350700DC6DC7 /* SettingsNavigationViewController.m in Sources */,
				226195361B6401E0002E03E3 /* main.m in Sources */,
				220627931B65035100DC6DC7 /* AppointmentSlot.m in Sources */,
				2206278D1B64FD4D00DC6DC7 /* BookingPayerApptViewController.m in Sources */,
				2261955E1B641CA5002E03E3 /* AppointmentsTableViewController.m in Sources */,
			);
			runOnlyForDeploymentPostprocessing = 0;
		};
		226195451B6401E0002E03E3 /* Sources */ = {
			isa = PBXSourcesBuildPhase;
			buildActionMask = 2147483647;
			files = (
				226195501B6401E0002E03E3 /* DocOnDemandTests.m in Sources */,
			);
			runOnlyForDeploymentPostprocessing = 0;
		};
/* End PBXSourcesBuildPhase section */

/* Begin PBXTargetDependency section */
		2261954B1B6401E0002E03E3 /* PBXTargetDependency */ = {
			isa = PBXTargetDependency;
			target = 2261952F1B6401E0002E03E3 /* DocOnDemand */;
			targetProxy = 2261954A1B6401E0002E03E3 /* PBXContainerItemProxy */;
		};
/* End PBXTargetDependency section */

/* Begin PBXVariantGroup section */
		2261953D1B6401E0002E03E3 /* Main.storyboard */ = {
			isa = PBXVariantGroup;
			children = (
				2261953E1B6401E0002E03E3 /* Base */,
			);
			name = Main.storyboard;
			sourceTree = "<group>";
		};
		226195421B6401E0002E03E3 /* LaunchScreen.xib */ = {
			isa = PBXVariantGroup;
			children = (
				226195431B6401E0002E03E3 /* Base */,
			);
			name = LaunchScreen.xib;
			sourceTree = "<group>";
		};
/* End PBXVariantGroup section */

/* Begin XCBuildConfiguration section */
		226195511B6401E0002E03E3 /* Debug */ = {
			isa = XCBuildConfiguration;
			buildSettings = {
				ALWAYS_SEARCH_USER_PATHS = NO;
				CLANG_CXX_LANGUAGE_STANDARD = "gnu++0x";
				CLANG_CXX_LIBRARY = "libc++";
				CLANG_ENABLE_MODULES = YES;
				CLANG_ENABLE_OBJC_ARC = YES;
				CLANG_WARN_BOOL_CONVERSION = YES;
				CLANG_WARN_CONSTANT_CONVERSION = YES;
				CLANG_WARN_DIRECT_OBJC_ISA_USAGE = YES_ERROR;
				CLANG_WARN_EMPTY_BODY = YES;
				CLANG_WARN_ENUM_CONVERSION = YES;
				CLANG_WARN_INT_CONVERSION = YES;
				CLANG_WARN_OBJC_ROOT_CLASS = YES_ERROR;
				CLANG_WARN_UNREACHABLE_CODE = YES;
				CLANG_WARN__DUPLICATE_METHOD_MATCH = YES;
				"CODE_SIGN_IDENTITY[sdk=iphoneos*]" = "iPhone Developer";
				COPY_PHASE_STRIP = NO;
				DEBUG_INFORMATION_FORMAT = "dwarf-with-dsym";
				ENABLE_STRICT_OBJC_MSGSEND = YES;
				GCC_C_LANGUAGE_STANDARD = gnu99;
				GCC_DYNAMIC_NO_PIC = NO;
				GCC_NO_COMMON_BLOCKS = YES;
				GCC_OPTIMIZATION_LEVEL = 0;
				GCC_PREPROCESSOR_DEFINITIONS = (
					"DEBUG=1",
					"$(inherited)",
				);
				GCC_SYMBOLS_PRIVATE_EXTERN = NO;
				GCC_WARN_64_TO_32_BIT_CONVERSION = YES;
				GCC_WARN_ABOUT_RETURN_TYPE = YES_ERROR;
				GCC_WARN_UNDECLARED_SELECTOR = YES;
				GCC_WARN_UNINITIALIZED_AUTOS = YES_AGGRESSIVE;
				GCC_WARN_UNUSED_FUNCTION = YES;
				GCC_WARN_UNUSED_VARIABLE = YES;
				IPHONEOS_DEPLOYMENT_TARGET = 8.4;
				MTL_ENABLE_DEBUG_INFO = YES;
				ONLY_ACTIVE_ARCH = YES;
				SDKROOT = iphoneos;
				TARGETED_DEVICE_FAMILY = "1,2";
			};
			name = Debug;
		};
		226195521B6401E0002E03E3 /* Release */ = {
			isa = XCBuildConfiguration;
			buildSettings = {
				ALWAYS_SEARCH_USER_PATHS = NO;
				CLANG_CXX_LANGUAGE_STANDARD = "gnu++0x";
				CLANG_CXX_LIBRARY = "libc++";
				CLANG_ENABLE_MODULES = YES;
				CLANG_ENABLE_OBJC_ARC = YES;
				CLANG_WARN_BOOL_CONVERSION = YES;
				CLANG_WARN_CONSTANT_CONVERSION = YES;
				CLANG_WARN_DIRECT_OBJC_ISA_USAGE = YES_ERROR;
				CLANG_WARN_EMPTY_BODY = YES;
				CLANG_WARN_ENUM_CONVERSION = YES;
				CLANG_WARN_INT_CONVERSION = YES;
				CLANG_WARN_OBJC_ROOT_CLASS = YES_ERROR;
				CLANG_WARN_UNREACHABLE_CODE = YES;
				CLANG_WARN__DUPLICATE_METHOD_MATCH = YES;
				"CODE_SIGN_IDENTITY[sdk=iphoneos*]" = "iPhone Developer";
				COPY_PHASE_STRIP = NO;
				DEBUG_INFORMATION_FORMAT = "dwarf-with-dsym";
				ENABLE_NS_ASSERTIONS = NO;
				ENABLE_STRICT_OBJC_MSGSEND = YES;
				GCC_C_LANGUAGE_STANDARD = gnu99;
				GCC_NO_COMMON_BLOCKS = YES;
				GCC_WARN_64_TO_32_BIT_CONVERSION = YES;
				GCC_WARN_ABOUT_RETURN_TYPE = YES_ERROR;
				GCC_WARN_UNDECLARED_SELECTOR = YES;
				GCC_WARN_UNINITIALIZED_AUTOS = YES_AGGRESSIVE;
				GCC_WARN_UNUSED_FUNCTION = YES;
				GCC_WARN_UNUSED_VARIABLE = YES;
				IPHONEOS_DEPLOYMENT_TARGET = 8.4;
				MTL_ENABLE_DEBUG_INFO = NO;
				SDKROOT = iphoneos;
				TARGETED_DEVICE_FAMILY = "1,2";
				VALIDATE_PRODUCT = YES;
			};
			name = Release;
		};
		226195541B6401E0002E03E3 /* Debug */ = {
			isa = XCBuildConfiguration;
			buildSettings = {
				ASSETCATALOG_COMPILER_APPICON_NAME = AppIcon;
				INFOPLIST_FILE = DocOnDemand/Info.plist;
				LD_RUNPATH_SEARCH_PATHS = "$(inherited) @executable_path/Frameworks";
				PRODUCT_NAME = "$(TARGET_NAME)";
			};
			name = Debug;
		};
		226195551B6401E0002E03E3 /* Release */ = {
			isa = XCBuildConfiguration;
			buildSettings = {
				ASSETCATALOG_COMPILER_APPICON_NAME = AppIcon;
				INFOPLIST_FILE = DocOnDemand/Info.plist;
				LD_RUNPATH_SEARCH_PATHS = "$(inherited) @executable_path/Frameworks";
				PRODUCT_NAME = "$(TARGET_NAME)";
			};
			name = Release;
		};
		226195571B6401E0002E03E3 /* Debug */ = {
			isa = XCBuildConfiguration;
			buildSettings = {
				BUNDLE_LOADER = "$(TEST_HOST)";
				FRAMEWORK_SEARCH_PATHS = (
					"$(SDKROOT)/Developer/Library/Frameworks",
					"$(inherited)",
				);
				GCC_PREPROCESSOR_DEFINITIONS = (
					"DEBUG=1",
					"$(inherited)",
				);
				INFOPLIST_FILE = DocOnDemandTests/Info.plist;
				LD_RUNPATH_SEARCH_PATHS = "$(inherited) @executable_path/Frameworks @loader_path/Frameworks";
				PRODUCT_NAME = "$(TARGET_NAME)";
				TEST_HOST = "$(BUILT_PRODUCTS_DIR)/DocOnDemand.app/DocOnDemand";
			};
			name = Debug;
		};
		226195581B6401E0002E03E3 /* Release */ = {
			isa = XCBuildConfiguration;
			buildSettings = {
				BUNDLE_LOADER = "$(TEST_HOST)";
				FRAMEWORK_SEARCH_PATHS = (
					"$(SDKROOT)/Developer/Library/Frameworks",
					"$(inherited)",
				);
				INFOPLIST_FILE = DocOnDemandTests/Info.plist;
				LD_RUNPATH_SEARCH_PATHS = "$(inherited) @executable_path/Frameworks @loader_path/Frameworks";
				PRODUCT_NAME = "$(TARGET_NAME)";
				TEST_HOST = "$(BUILT_PRODUCTS_DIR)/DocOnDemand.app/DocOnDemand";
			};
			name = Release;
		};
/* End XCBuildConfiguration section */

/* Begin XCConfigurationList section */
		2261952B1B6401E0002E03E3 /* Build configuration list for PBXProject "DocOnDemand" */ = {
			isa = XCConfigurationList;
			buildConfigurations = (
				226195511B6401E0002E03E3 /* Debug */,
				226195521B6401E0002E03E3 /* Release */,
			);
			defaultConfigurationIsVisible = 0;
			defaultConfigurationName = Release;
		};
		226195531B6401E0002E03E3 /* Build configuration list for PBXNativeTarget "DocOnDemand" */ = {
			isa = XCConfigurationList;
			buildConfigurations = (
				226195541B6401E0002E03E3 /* Debug */,
				226195551B6401E0002E03E3 /* Release */,
			);
			defaultConfigurationIsVisible = 0;
			defaultConfigurationName = Release;
		};
		226195561B6401E0002E03E3 /* Build configuration list for PBXNativeTarget "DocOnDemandTests" */ = {
			isa = XCConfigurationList;
			buildConfigurations = (
				226195571B6401E0002E03E3 /* Debug */,
				226195581B6401E0002E03E3 /* Release */,
			);
			defaultConfigurationIsVisible = 0;
			defaultConfigurationName = Release;
		};
/* End XCConfigurationList section */
	};
	rootObject = 226195281B6401E0002E03E3 /* Project object */;
}
